{
  "lockfile_version": "1",
  "packages": {
    "direnv@2.37.1": {
      "last_modified": "2025-07-21T09:58:03Z",
      "resolved": "github:NixOS/nixpkgs/2baf8e1658cba84a032c3a8befb1e7b06629242a#direnv",
      "source": "devbox-search",
      "version": "2.37.1",
      "systems": {
        "aarch64-darwin": {
          "outputs": [
            {
              "name": "out",
              "path": "/nix/store/2yxm2j7kwmjvvjph8x2mmfhmzhaj1y5c-direnv-2.37.1",
              "default": true
            }
          ],
          "store_path": "/nix/store/2yxm2j7kwmjvvjph8x2mmfhmzhaj1y5c-direnv-2.37.1"
        },
        "aarch64-linux": {
          "outputs": [
            {
              "name": "out",
              "path": "/nix/store/8dfqhbnfc65fv4rxpjp2knvsc0c2h7f7-direnv-2.37.1",
              "default": true
            }
          ],
          "store_path": "/nix/store/8dfqhbnfc65fv4rxpjp2knvsc0c2h7f7-direnv-2.37.1"
        },
        "x86_64-darwin": {
          "outputs": [
            {
              "name": "out",
              "path": "/nix/store/sl2ay9dwylk2nvyxsg2kpcclhahgzhnb-direnv-2.37.1",
              "default": true
            }
          ],
          "store_path": "/nix/store/sl2ay9dwylk2nvyxsg2kpcclhahgzhnb-direnv-2.37.1"
        },
        "x86_64-linux": {
          "outputs": [
            {
              "name": "out",
              "path": "/nix/store/cayixg88lflclgcwjlc21bih648in6ff-direnv-2.37.1",
              "default": true
            }
          ],
          "store_path": "/nix/store/cayixg88lflclgcwjlc21bih648in6ff-direnv-2.37.1"
        }
      }
    },
    "git@2.51.2": {
      "last_modified": "2025-11-15T07:28:48Z",
      "resolved": "github:NixOS/nixpkgs/1d4c88323ac36805d09657d13a5273aea1b34f0c#git",
      "source": "devbox-search",
      "version": "2.51.2",
      "systems": {
        "aarch64-darwin": {
          "outputs": [
            {
              "name": "out",
              "path": "/nix/store/k2vlwnvjcmnig77p65zipibvvim8rxq7-git-2.51.2",
              "default": true
            },
            {
              "name": "doc",
              "path": "/nix/store/6x44hx2f6g1y1viiaian2bvypb8djq39-git-2.51.2-doc"
            }
          ],
          "store_path": "/nix/store/k2vlwnvjcmnig77p65zipibvvim8rxq7-git-2.51.2"
        },
        "aarch64-linux": {
          "outputs": [
            {
              "name": "out",
              "path": "/nix/store/55j9qicj9fghz8yk3xsn2y9ab5mj4jdr-git-2.51.2",
              "default": true
            },
            {
              "name": "debug",
              "path": "/nix/store/vspa1pprrnj7xz3bhqayzih5mi7vhvvh-git-2.51.2-debug"
            },
            {
              "name": "doc",
              "path": "/nix/store/6zdv508cvrgfsnvvv5003ivsfcqngfvs-git-2.51.2-doc"
            }
          ],
          "store_path": "/nix/store/55j9qicj9fghz8yk3xsn2y9ab5mj4jdr-git-2.51.2"
        },
        "x86_64-darwin": {
          "outputs": [
            {
              "name": "out",
              "path": "/nix/store/sz4zzn7y6gal019wmqzxvcxc97wkgp9n-git-2.51.2",
              "default": true
            },
            {
              "name": "doc",
              "path": "/nix/store/np4lannd0w8jpagqw7mry4gklr903s2n-git-2.51.2-doc"
            }
          ],
          "store_path": "/nix/store/sz4zzn7y6gal019wmqzxvcxc97wkgp9n-git-2.51.2"
        },
        "x86_64-linux": {
          "outputs": [
            {
              "name": "out",
              "path": "/nix/store/q6jjgnyivwx7r4wynsi6g36k6srfy7mk-git-2.51.2",
              "default": true
            },
            {
              "name": "debug",
              "path": "/nix/store/f6zjr2bcd31qpvj4d4qsvqhfnnyc1kaz-git-2.51.2-debug"
            },
            {
              "name": "doc",
              "path": "/nix/store/9bir646idszbrn3j3wz98xq4m0kvzgrp-git-2.51.2-doc"
            }
          ],
          "store_path": "/nix/store/q6jjgnyivwx7r4wynsi6g36k6srfy7mk-git-2.51.2"
        }
      }
    },
    "github:NixOS/nixpkgs/nixpkgs-unstable": {
      "last_modified": "2025-04-30T07:41:21Z",
      "resolved": "github:NixOS/nixpkgs/423d2df5b04b4ee7688c3d71396e872afa236a89?lastModified=1745998881&narHash=sha256-vonyYAKJSlsX4n9GCsS0pHxR6yCrfqBIuGvANlkwG6U%3D"
    },
    "go-migrate@4.19.0": {
      "last_modified": "2025-09-18T16:33:27Z",
      "resolved": "github:NixOS/nixpkgs/f4b140d5b253f5e2a1ff4e5506edbf8267724bde#go-migrate",
      "source": "devbox-search",
      "version": "4.19.0",
      "systems": {
        "aarch64-darwin": {
          "outputs": [
            {
              "name": "out",
              "path": "/nix/store/dyd7qdcbyxsbgm4cyz3dv1rn82zy21k1-go-migrate-4.19.0",
              "default": true
            }
          ],
          "store_path": "/nix/store/dyd7qdcbyxsbgm4cyz3dv1rn82zy21k1-go-migrate-4.19.0"
        },
        "aarch64-linux": {
          "outputs": [
            {
              "name": "out",
              "path": "/nix/store/f39pqb09jw9q8r7xp1c6qc3rm92zdha0-go-migrate-4.19.0",
              "default": true
            }
          ],
          "store_path": "/nix/store/f39pqb09jw9q8r7xp1c6qc3rm92zdha0-go-migrate-4.19.0"
        },
        "x86_64-darwin": {
          "outputs": [
            {
              "name": "out",
              "path": "/nix/store/wp443sx0chmfdir7nbr02fwk1i1bllm8-go-migrate-4.19.0",
              "default": true
            }
          ],
          "store_path": "/nix/store/wp443sx0chmfdir7nbr02fwk1i1bllm8-go-migrate-4.19.0"
        },
        "x86_64-linux": {
          "outputs": [
            {
              "name": "out",
              "path": "/nix/store/sylkwcspn0qrhdrzvpmgw425bsb63yhl-go-migrate-4.19.0",
              "default": true
            }
          ],
          "store_path": "/nix/store/sylkwcspn0qrhdrzvpmgw425bsb63yhl-go-migrate-4.19.0"
        }
      }
    },
    "go-task@3.45.5": {
      "last_modified": "2025-11-18T03:14:24Z",
      "resolved": "github:NixOS/nixpkgs/0ade817efdde79cbc46b624c849027335ebc25c5#go-task",
      "source": "devbox-search",
      "version": "3.45.5",
      "systems": {
        "aarch64-darwin": {
          "outputs": [
            {
              "name": "out",
              "path": "/nix/store/2rzij86mkkk9w9mhi1ka1qq6yg1a1q45-go-task-3.45.5",
              "default": true
            }
          ],
          "store_path": "/nix/store/2rzij86mkkk9w9mhi1ka1qq6yg1a1q45-go-task-3.45.5"
        },
        "aarch64-linux": {
          "outputs": [
            {
              "name": "out",
              "path": "/nix/store/7rqbfqprqf5ya9zqc22h12chg1q32vsl-go-task-3.45.5",
              "default": true
            }
          ],
          "store_path": "/nix/store/7rqbfqprqf5ya9zqc22h12chg1q32vsl-go-task-3.45.5"
        },
        "x86_64-darwin": {
          "outputs": [
            {
              "name": "out",
              "path": "/nix/store/s094zzla3026k58f5dwqs8svsxzgs7bp-go-task-3.45.5",
              "default": true
            }
          ],
          "store_path": "/nix/store/s094zzla3026k58f5dwqs8svsxzgs7bp-go-task-3.45.5"
        },
        "x86_64-linux": {
          "outputs": [
            {
              "name": "out",
              "path": "/nix/store/4yqkir1svm1bn2hwlqxxl7iq2pd6z423-go-task-3.45.5",
              "default": true
            }
          ],
          "store_path": "/nix/store/4yqkir1svm1bn2hwlqxxl7iq2pd6z423-go-task-3.45.5"
        }
      }
    },
    "go@1.25.4": {
      "last_modified": "2025-11-23T21:50:36Z",
      "resolved": "github:NixOS/nixpkgs/ee09932cedcef15aaf476f9343d1dea2cb77e261#go",
      "source": "devbox-search",
      "version": "1.25.4",
      "systems": {
        "aarch64-darwin": {
          "outputs": [
            {
              "name": "out",
              "path": "/nix/store/52f5kjcmgmvgrz3rij676b3rjmgg5l5g-go-1.25.4",
              "default": true
            }
          ],
          "store_path": "/nix/store/52f5kjcmgmvgrz3rij676b3rjmgg5l5g-go-1.25.4"
        },
        "aarch64-linux": {
          "outputs": [
            {
              "name": "out",
              "path": "/nix/store/2ajrlmz1qdpm9k9ankhnp3973wxg1gqs-go-1.25.4",
              "default": true
            }
          ],
          "store_path": "/nix/store/2ajrlmz1qdpm9k9ankhnp3973wxg1gqs-go-1.25.4"
        },
        "x86_64-darwin": {
          "outputs": [
            {
              "name": "out",
              "path": "/nix/store/1rqpvp45rl4sr1l0czrlbmv8jqj9sa7r-go-1.25.4",
              "default": true
            }
          ],
          "store_path": "/nix/store/1rqpvp45rl4sr1l0czrlbmv8jqj9sa7r-go-1.25.4"
        },
        "x86_64-linux": {
          "outputs": [
            {
              "name": "out",
              "path": "/nix/store/0a3dyfq09dnkw28ap2i450wjimvdmv6s-go-1.25.4",
              "default": true
            }
          ],
          "store_path": "/nix/store/0a3dyfq09dnkw28ap2i450wjimvdmv6s-go-1.25.4"
        }
      }
    },
    "mkcert@1.4.4": {
      "last_modified": "2025-03-23T05:31:05Z",
      "resolved": "github:NixOS/nixpkgs/dd613136ee91f67e5dba3f3f41ac99ae89c5406b#mkcert",
      "source": "devbox-search",
      "version": "1.4.4",
      "systems": {
        "aarch64-darwin": {
          "outputs": [
            {
              "name": "out",
              "path": "/nix/store/y5f97bwawzdckb04aw6gyzvmmf8bgy4y-mkcert-1.4.4",
              "default": true
            }
          ],
          "store_path": "/nix/store/y5f97bwawzdckb04aw6gyzvmmf8bgy4y-mkcert-1.4.4"
        },
        "aarch64-linux": {
          "outputs": [
            {
              "name": "out",
              "path": "/nix/store/frllg5x98hpbvl126m9q376k06mccljw-mkcert-1.4.4",
              "default": true
            }
          ],
          "store_path": "/nix/store/frllg5x98hpbvl126m9q376k06mccljw-mkcert-1.4.4"
        },
        "x86_64-darwin": {
          "outputs": [
            {
              "name": "out",
              "path": "/nix/store/zrww0048wwp0i1b0zis4bdvwwjpr97m6-mkcert-1.4.4",
              "default": true
            }
          ],
          "store_path": "/nix/store/zrww0048wwp0i1b0zis4bdvwwjpr97m6-mkcert-1.4.4"
        },
        "x86_64-linux": {
          "outputs": [
            {
              "name": "out",
              "path": "/nix/store/zhd7bwxxh3m5slw47y3h2wwd9d9cbkwk-mkcert-1.4.4",
              "default": true
            }
          ],
          "store_path": "/nix/store/zhd7bwxxh3m5slw47y3h2wwd9d9cbkwk-mkcert-1.4.4"
        }
      }
    },
    "sqlc@1.30.0": {
      "last_modified": "2025-09-18T16:33:27Z",
      "resolved": "github:NixOS/nixpkgs/f4b140d5b253f5e2a1ff4e5506edbf8267724bde#sqlc",
      "source": "devbox-search",
      "version": "1.30.0",
      "systems": {
        "aarch64-darwin": {
          "outputs": [
            {
              "name": "out",
              "path": "/nix/store/hhvfx7hca4npv228p1ar16bsqmhajn6d-sqlc-1.30.0",
              "default": true
            }
          ],
          "store_path": "/nix/store/hhvfx7hca4npv228p1ar16bsqmhajn6d-sqlc-1.30.0"
        },
        "aarch64-linux": {
          "outputs": [
            {
              "name": "out",
              "path": "/nix/store/sv33c0cz6gkphh4irl6zfcbblwjj78af-sqlc-1.30.0",
              "default": true
            }
          ],
          "store_path": "/nix/store/sv33c0cz6gkphh4irl6zfcbblwjj78af-sqlc-1.30.0"
        },
        "x86_64-darwin": {
          "outputs": [
            {
              "name": "out",
              "path": "/nix/store/7v49xif1d651dfhfy58548j62x8w2y5x-sqlc-1.30.0",
              "default": true
            }
          ],
          "store_path": "/nix/store/7v49xif1d651dfhfy58548j62x8w2y5x-sqlc-1.30.0"
        },
        "x86_64-linux": {
          "outputs": [
            {
              "name": "out",
              "path": "/nix/store/c60yf70a8r8f94sjqvxm6zf6npb9b311-sqlc-1.30.0",
              "default": true
            }
          ],
          "store_path": "/nix/store/c60yf70a8r8f94sjqvxm6zf6npb9b311-sqlc-1.30.0"
        }
      }
    }
  }
}
