{
  "lockfile_version": "1",
  "packages": {
    "direnv@2.37.0": {
      "last_modified": "2025-07-13T22:45:35Z",
      "resolved": "github:NixOS/nixpkgs/a421ac6595024edcfbb1ef950a3712b89161c359#direnv",
      "source": "devbox-search",
      "version": "2.37.0",
      "systems": {
        "aarch64-darwin": {
          "outputs": [
            {
              "name": "out",
              "path": "/nix/store/fh8hqhbj1k0b2g0ivhhrpdbm09msjb8v-direnv-2.37.0",
              "default": true
            }
          ],
          "store_path": "/nix/store/fh8hqhbj1k0b2g0ivhhrpdbm09msjb8v-direnv-2.37.0"
        },
        "aarch64-linux": {
          "outputs": [
            {
              "name": "out",
              "path": "/nix/store/hjlgzr19iskbmd5kc4abyaw4fpzk8p21-direnv-2.37.0",
              "default": true
            }
          ],
          "store_path": "/nix/store/hjlgzr19iskbmd5kc4abyaw4fpzk8p21-direnv-2.37.0"
        },
        "x86_64-darwin": {
          "outputs": [
            {
              "name": "out",
              "path": "/nix/store/kjwzjl9rflm6j9p9wwl4yjim9wl7yabs-direnv-2.37.0",
              "default": true
            }
          ],
          "store_path": "/nix/store/kjwzjl9rflm6j9p9wwl4yjim9wl7yabs-direnv-2.37.0"
        },
        "x86_64-linux": {
          "outputs": [
            {
              "name": "out",
              "path": "/nix/store/g0y8q1v5gash235qqbw5187bd4qsp149-direnv-2.37.0",
              "default": true
            }
          ],
          "store_path": "/nix/store/g0y8q1v5gash235qqbw5187bd4qsp149-direnv-2.37.0"
        }
      }
    },
    "git@2.50.0": {
      "last_modified": "2025-07-15T16:15:05Z",
      "resolved": "github:NixOS/nixpkgs/dab3a6e781554f965bde3def0aa2fda4eb8f1708#git",
      "source": "devbox-search",
      "version": "2.50.0",
      "systems": {
        "aarch64-darwin": {
          "outputs": [
            {
              "name": "out",
              "path": "/nix/store/2jwgd7jj1dil1b73h8hnh0xj928416jp-git-2.50.0",
              "default": true
            },
            {
              "name": "doc",
              "path": "/nix/store/wfg8mczayhr7k13bq6fjl1h7rxg5f6p8-git-2.50.0-doc"
            }
          ],
          "store_path": "/nix/store/2jwgd7jj1dil1b73h8hnh0xj928416jp-git-2.50.0"
        },
        "aarch64-linux": {
          "outputs": [
            {
              "name": "out",
              "path": "/nix/store/7mp9n7lbilhk56s842rigrjclbr5ipdj-git-2.50.0",
              "default": true
            },
            {
              "name": "debug",
              "path": "/nix/store/dajrhy2l14ghs5awaag5n8yj62lwsyg9-git-2.50.0-debug"
            },
            {
              "name": "doc",
              "path": "/nix/store/kj8r3acr12x0hkxs0hyrpd8wknvvwhd2-git-2.50.0-doc"
            }
          ],
          "store_path": "/nix/store/7mp9n7lbilhk56s842rigrjclbr5ipdj-git-2.50.0"
        },
        "x86_64-darwin": {
          "outputs": [
            {
              "name": "out",
              "path": "/nix/store/wy5g4i1fr1vrg2drjflbsd75rq7j9rh9-git-2.50.0",
              "default": true
            },
            {
              "name": "doc",
              "path": "/nix/store/kc1k9n4im10nlm6csp16jg3052vdmifa-git-2.50.0-doc"
            }
          ],
          "store_path": "/nix/store/wy5g4i1fr1vrg2drjflbsd75rq7j9rh9-git-2.50.0"
        },
        "x86_64-linux": {
          "outputs": [
            {
              "name": "out",
              "path": "/nix/store/khdq35xh67vw7j7k9y4q9l0svxznhx1b-git-2.50.0",
              "default": true
            },
            {
              "name": "debug",
              "path": "/nix/store/h29apnv0hcp0w03whsh03izhq7ln1jyw-git-2.50.0-debug"
            },
            {
              "name": "doc",
              "path": "/nix/store/fypvhmxqj3583rkzxvmwakw10yri2i23-git-2.50.0-doc"
            }
          ],
          "store_path": "/nix/store/khdq35xh67vw7j7k9y4q9l0svxznhx1b-git-2.50.0"
        }
      }
    },
    "github:NixOS/nixpkgs/nixpkgs-unstable": {
      "last_modified": "2025-04-30T07:41:21Z",
      "resolved": "github:NixOS/nixpkgs/423d2df5b04b4ee7688c3d71396e872afa236a89?lastModified=1745998881&narHash=sha256-vonyYAKJSlsX4n9GCsS0pHxR6yCrfqBIuGvANlkwG6U%3D"
    },
    "go-migrate@4.18.3": {
      "last_modified": "2025-05-06T08:06:31Z",
      "resolved": "github:NixOS/nixpkgs/1cb1c02a6b1b7cf67e3d7731cbbf327a53da9679#go-migrate",
      "source": "devbox-search",
      "version": "4.18.3",
      "systems": {
        "aarch64-darwin": {
          "outputs": [
            {
              "name": "out",
              "path": "/nix/store/2hvmkgb6apyk54yakx7kgw9f0i7gvm5v-go-migrate-4.18.3",
              "default": true
            }
          ],
          "store_path": "/nix/store/2hvmkgb6apyk54yakx7kgw9f0i7gvm5v-go-migrate-4.18.3"
        },
        "aarch64-linux": {
          "outputs": [
            {
              "name": "out",
              "path": "/nix/store/xa7452r9aiqzf0lvzq4rl644q3v18mm9-go-migrate-4.18.3",
              "default": true
            }
          ],
          "store_path": "/nix/store/xa7452r9aiqzf0lvzq4rl644q3v18mm9-go-migrate-4.18.3"
        },
        "x86_64-darwin": {
          "outputs": [
            {
              "name": "out",
              "path": "/nix/store/lczrj1kggncrkkmwjkgjswk4396askag-go-migrate-4.18.3",
              "default": true
            }
          ],
          "store_path": "/nix/store/lczrj1kggncrkkmwjkgjswk4396askag-go-migrate-4.18.3"
        },
        "x86_64-linux": {
          "outputs": [
            {
              "name": "out",
              "path": "/nix/store/q1j70q6c8dm62shpcj5cp5wf0i975hy8-go-migrate-4.18.3",
              "default": true
            }
          ],
          "store_path": "/nix/store/q1j70q6c8dm62shpcj5cp5wf0i975hy8-go-migrate-4.18.3"
        }
      }
    },
    "go-task@3.44.0": {
      "last_modified": "2025-06-25T00:36:27Z",
      "resolved": "github:NixOS/nixpkgs/992f916556fcfaa94451ebc7fc6e396134bbf5b1#go-task",
      "source": "devbox-search",
      "version": "3.44.0",
      "systems": {
        "aarch64-darwin": {
          "outputs": [
            {
              "name": "out",
              "path": "/nix/store/0g5ypvwzy9p11rn8jf42lbba97g1zihi-go-task-3.44.0",
              "default": true
            }
          ],
          "store_path": "/nix/store/0g5ypvwzy9p11rn8jf42lbba97g1zihi-go-task-3.44.0"
        },
        "aarch64-linux": {
          "outputs": [
            {
              "name": "out",
              "path": "/nix/store/wzdbbx5shgywf77k8vfkwb13q22s6f02-go-task-3.44.0",
              "default": true
            }
          ],
          "store_path": "/nix/store/wzdbbx5shgywf77k8vfkwb13q22s6f02-go-task-3.44.0"
        },
        "x86_64-darwin": {
          "outputs": [
            {
              "name": "out",
              "path": "/nix/store/4rglfyhmw6rl30ilbgssfsl87l9z2s5b-go-task-3.44.0",
              "default": true
            }
          ],
          "store_path": "/nix/store/4rglfyhmw6rl30ilbgssfsl87l9z2s5b-go-task-3.44.0"
        },
        "x86_64-linux": {
          "outputs": [
            {
              "name": "out",
              "path": "/nix/store/4r045p9bjv0c11sw72xnf2kdh3irlzff-go-task-3.44.0",
              "default": true
            }
          ],
          "store_path": "/nix/store/4r045p9bjv0c11sw72xnf2kdh3irlzff-go-task-3.44.0"
        }
      }
    },
    "go@1.24.4": {
      "last_modified": "2025-06-20T02:24:11Z",
      "resolved": "github:NixOS/nixpkgs/076e8c6678d8c54204abcb4b1b14c366835a58bb#go",
      "source": "devbox-search",
      "version": "1.24.4",
      "systems": {
        "aarch64-darwin": {
          "outputs": [
            {
              "name": "out",
              "path": "/nix/store/rq7irijkj3nhapmjcv9d96xgkisj55x2-go-1.24.4",
              "default": true
            }
          ],
          "store_path": "/nix/store/rq7irijkj3nhapmjcv9d96xgkisj55x2-go-1.24.4"
        },
        "aarch64-linux": {
          "outputs": [
            {
              "name": "out",
              "path": "/nix/store/9f64p4ip4iz2nba4wyhn1baq6b6pb6ss-go-1.24.4",
              "default": true
            }
          ],
          "store_path": "/nix/store/9f64p4ip4iz2nba4wyhn1baq6b6pb6ss-go-1.24.4"
        },
        "x86_64-darwin": {
          "outputs": [
            {
              "name": "out",
              "path": "/nix/store/n0gqcdpdk0ap2ikasi36r0szwpk2g35q-go-1.24.4",
              "default": true
            }
          ],
          "store_path": "/nix/store/n0gqcdpdk0ap2ikasi36r0szwpk2g35q-go-1.24.4"
        },
        "x86_64-linux": {
          "outputs": [
            {
              "name": "out",
              "path": "/nix/store/mdn9hnvf0qmxywbrpbywmxww2adxdn5v-go-1.24.4",
              "default": true
            }
          ],
          "store_path": "/nix/store/mdn9hnvf0qmxywbrpbywmxww2adxdn5v-go-1.24.4"
        }
      }
    },
    "mkcert@1.4.4": {
      "last_modified": "2025-03-23T05:31:05Z",
      "resolved": "github:NixOS/nixpkgs/dd613136ee91f67e5dba3f3f41ac99ae89c5406b#mkcert",
      "source": "devbox-search",
      "version": "1.4.4",
      "systems": {
        "aarch64-darwin": {
          "outputs": [
            {
              "name": "out",
              "path": "/nix/store/y5f97bwawzdckb04aw6gyzvmmf8bgy4y-mkcert-1.4.4",
              "default": true
            }
          ],
          "store_path": "/nix/store/y5f97bwawzdckb04aw6gyzvmmf8bgy4y-mkcert-1.4.4"
        },
        "aarch64-linux": {
          "outputs": [
            {
              "name": "out",
              "path": "/nix/store/frllg5x98hpbvl126m9q376k06mccljw-mkcert-1.4.4",
              "default": true
            }
          ],
          "store_path": "/nix/store/frllg5x98hpbvl126m9q376k06mccljw-mkcert-1.4.4"
        },
        "x86_64-darwin": {
          "outputs": [
            {
              "name": "out",
              "path": "/nix/store/zrww0048wwp0i1b0zis4bdvwwjpr97m6-mkcert-1.4.4",
              "default": true
            }
          ],
          "store_path": "/nix/store/zrww0048wwp0i1b0zis4bdvwwjpr97m6-mkcert-1.4.4"
        },
        "x86_64-linux": {
          "outputs": [
            {
              "name": "out",
              "path": "/nix/store/zhd7bwxxh3m5slw47y3h2wwd9d9cbkwk-mkcert-1.4.4",
              "default": true
            }
          ],
          "store_path": "/nix/store/zhd7bwxxh3m5slw47y3h2wwd9d9cbkwk-mkcert-1.4.4"
        }
      }
    },
    "sqlc@1.29.0": {
      "last_modified": "2025-05-06T08:06:31Z",
      "resolved": "github:NixOS/nixpkgs/1cb1c02a6b1b7cf67e3d7731cbbf327a53da9679#sqlc",
      "source": "devbox-search",
      "version": "1.29.0",
      "systems": {
        "aarch64-darwin": {
          "outputs": [
            {
              "name": "out",
              "path": "/nix/store/qgx3s7nizzbrqjygqxcv1acrrq115lcw-sqlc-1.29.0",
              "default": true
            }
          ],
          "store_path": "/nix/store/qgx3s7nizzbrqjygqxcv1acrrq115lcw-sqlc-1.29.0"
        },
        "aarch64-linux": {
          "outputs": [
            {
              "name": "out",
              "path": "/nix/store/7280fl5z5g2vyiqk6w5jr57l7psphyyb-sqlc-1.29.0",
              "default": true
            }
          ],
          "store_path": "/nix/store/7280fl5z5g2vyiqk6w5jr57l7psphyyb-sqlc-1.29.0"
        },
        "x86_64-darwin": {
          "outputs": [
            {
              "name": "out",
              "path": "/nix/store/fxljg979fldndahavvh9kpnjvayqhnmz-sqlc-1.29.0",
              "default": true
            }
          ],
          "store_path": "/nix/store/fxljg979fldndahavvh9kpnjvayqhnmz-sqlc-1.29.0"
        },
        "x86_64-linux": {
          "outputs": [
            {
              "name": "out",
              "path": "/nix/store/8j9w76w3blqlxrcsi9jwpf98yz8dp418-sqlc-1.29.0",
              "default": true
            }
          ],
          "store_path": "/nix/store/8j9w76w3blqlxrcsi9jwpf98yz8dp418-sqlc-1.29.0"
        }
      }
    }
  }
}
