{
  "lockfile_version": "1",
  "packages": {
    "direnv@2.36.0": {
      "last_modified": "2025-04-12T07:19:22Z",
      "resolved": "github:NixOS/nixpkgs/2349f9de17183971db12ae9e0123dab132023bd7#direnv",
      "source": "devbox-search",
      "version": "2.36.0",
      "systems": {
        "aarch64-darwin": {
          "outputs": [
            {
              "name": "out",
              "path": "/nix/store/6hyvif1ya643d3bifnis8728nz8gj1jp-direnv-2.36.0",
              "default": true
            }
          ],
          "store_path": "/nix/store/6hyvif1ya643d3bifnis8728nz8gj1jp-direnv-2.36.0"
        },
        "aarch64-linux": {
          "outputs": [
            {
              "name": "out",
              "path": "/nix/store/34w0ch8yxhbl7if4jrkxqyci58x22awk-direnv-2.36.0",
              "default": true
            }
          ],
          "store_path": "/nix/store/34w0ch8yxhbl7if4jrkxqyci58x22awk-direnv-2.36.0"
        },
        "x86_64-darwin": {
          "outputs": [
            {
              "name": "out",
              "path": "/nix/store/9pqw407blhnxxnzjbf3lxwllvfhqyhzg-direnv-2.36.0",
              "default": true
            }
          ],
          "store_path": "/nix/store/9pqw407blhnxxnzjbf3lxwllvfhqyhzg-direnv-2.36.0"
        },
        "x86_64-linux": {
          "outputs": [
            {
              "name": "out",
              "path": "/nix/store/7hhiy9awcws07p6bi6hfdb3vln1ws118-direnv-2.36.0",
              "default": true
            }
          ],
          "store_path": "/nix/store/7hhiy9awcws07p6bi6hfdb3vln1ws118-direnv-2.36.0"
        }
      }
    },
    "git@2.48.1": {
      "last_modified": "2025-03-27T11:50:31Z",
      "resolved": "github:NixOS/nixpkgs/6c5963357f3c1c840201eda129a99d455074db04#git",
      "source": "devbox-search",
      "version": "2.48.1",
      "systems": {
        "aarch64-darwin": {
          "outputs": [
            {
              "name": "out",
              "path": "/nix/store/b3sci30zzzlj3rzj1y89cijnd6zcwapk-git-2.48.1",
              "default": true
            },
            {
              "name": "doc",
              "path": "/nix/store/086knqdw7fjgzczp0i6nad95s2v6jbya-git-2.48.1-doc"
            }
          ],
          "store_path": "/nix/store/b3sci30zzzlj3rzj1y89cijnd6zcwapk-git-2.48.1"
        },
        "aarch64-linux": {
          "outputs": [
            {
              "name": "out",
              "path": "/nix/store/pck1dr5jxrd5b8nmfasbn13z422jhcfm-git-2.48.1",
              "default": true
            },
            {
              "name": "debug",
              "path": "/nix/store/xqqsvzlilh843rm6knykyng81apapr33-git-2.48.1-debug"
            },
            {
              "name": "doc",
              "path": "/nix/store/485b32ys0s2dvjfisn7405ildmpqvfzk-git-2.48.1-doc"
            }
          ],
          "store_path": "/nix/store/pck1dr5jxrd5b8nmfasbn13z422jhcfm-git-2.48.1"
        },
        "x86_64-darwin": {
          "outputs": [
            {
              "name": "out",
              "path": "/nix/store/9qjzgsf9mvdp6sfd7xyzhgrahl2qhhp6-git-2.48.1",
              "default": true
            },
            {
              "name": "doc",
              "path": "/nix/store/cgv7qa0ix059ma9a0qac0bywfvl3k7k2-git-2.48.1-doc"
            }
          ],
          "store_path": "/nix/store/9qjzgsf9mvdp6sfd7xyzhgrahl2qhhp6-git-2.48.1"
        },
        "x86_64-linux": {
          "outputs": [
            {
              "name": "out",
              "path": "/nix/store/lqx2rv26sdndpa2vyy2vxsahj03km69z-git-2.48.1",
              "default": true
            },
            {
              "name": "doc",
              "path": "/nix/store/hjczhs1dm3hzij7mx5c91rkzqvkb89av-git-2.48.1-doc"
            },
            {
              "name": "debug",
              "path": "/nix/store/bk8xndavdnc2qgyvc6hcc8h29lk9jzqb-git-2.48.1-debug"
            }
          ],
          "store_path": "/nix/store/lqx2rv26sdndpa2vyy2vxsahj03km69z-git-2.48.1"
        }
      }
    },
    "github:NixOS/nixpkgs/nixpkgs-unstable": {
      "last_modified": "2025-04-30T07:41:21Z",
      "resolved": "github:NixOS/nixpkgs/423d2df5b04b4ee7688c3d71396e872afa236a89?lastModified=1745998881&narHash=sha256-vonyYAKJSlsX4n9GCsS0pHxR6yCrfqBIuGvANlkwG6U%3D"
    },
    "go-migrate@4.18.3": {
      "last_modified": "2025-05-06T08:06:31Z",
      "resolved": "github:NixOS/nixpkgs/1cb1c02a6b1b7cf67e3d7731cbbf327a53da9679#go-migrate",
      "source": "devbox-search",
      "version": "4.18.3",
      "systems": {
        "aarch64-darwin": {
          "outputs": [
            {
              "name": "out",
              "path": "/nix/store/2hvmkgb6apyk54yakx7kgw9f0i7gvm5v-go-migrate-4.18.3",
              "default": true
            }
          ],
          "store_path": "/nix/store/2hvmkgb6apyk54yakx7kgw9f0i7gvm5v-go-migrate-4.18.3"
        },
        "aarch64-linux": {
          "outputs": [
            {
              "name": "out",
              "path": "/nix/store/xa7452r9aiqzf0lvzq4rl644q3v18mm9-go-migrate-4.18.3",
              "default": true
            }
          ],
          "store_path": "/nix/store/xa7452r9aiqzf0lvzq4rl644q3v18mm9-go-migrate-4.18.3"
        },
        "x86_64-darwin": {
          "outputs": [
            {
              "name": "out",
              "path": "/nix/store/lczrj1kggncrkkmwjkgjswk4396askag-go-migrate-4.18.3",
              "default": true
            }
          ],
          "store_path": "/nix/store/lczrj1kggncrkkmwjkgjswk4396askag-go-migrate-4.18.3"
        },
        "x86_64-linux": {
          "outputs": [
            {
              "name": "out",
              "path": "/nix/store/q1j70q6c8dm62shpcj5cp5wf0i975hy8-go-migrate-4.18.3",
              "default": true
            }
          ],
          "store_path": "/nix/store/q1j70q6c8dm62shpcj5cp5wf0i975hy8-go-migrate-4.18.3"
        }
      }
    },
    "go-task@3.41.0": {
      "last_modified": "2025-04-03T14:08:01Z",
      "resolved": "github:NixOS/nixpkgs/2bfc080955153be0be56724be6fa5477b4eefabb#go-task",
      "source": "devbox-search",
      "version": "3.41.0",
      "systems": {
        "aarch64-darwin": {
          "outputs": [
            {
              "name": "out",
              "path": "/nix/store/dm7qdc2w6zw1bl2drw11shc6zb26vf0j-go-task-3.41.0",
              "default": true
            }
          ],
          "store_path": "/nix/store/dm7qdc2w6zw1bl2drw11shc6zb26vf0j-go-task-3.41.0"
        },
        "aarch64-linux": {
          "outputs": [
            {
              "name": "out",
              "path": "/nix/store/sr9j2rbzia0hq62k5gkwhk0bcmb14ywh-go-task-3.41.0",
              "default": true
            }
          ],
          "store_path": "/nix/store/sr9j2rbzia0hq62k5gkwhk0bcmb14ywh-go-task-3.41.0"
        },
        "x86_64-darwin": {
          "outputs": [
            {
              "name": "out",
              "path": "/nix/store/2p01qkbgh77jjz0cyglg91j1392wnv9b-go-task-3.41.0",
              "default": true
            }
          ],
          "store_path": "/nix/store/2p01qkbgh77jjz0cyglg91j1392wnv9b-go-task-3.41.0"
        },
        "x86_64-linux": {
          "outputs": [
            {
              "name": "out",
              "path": "/nix/store/1ahssbg018nlvadzzwnydx4ky0bpng7a-go-task-3.41.0",
              "default": true
            }
          ],
          "store_path": "/nix/store/1ahssbg018nlvadzzwnydx4ky0bpng7a-go-task-3.41.0"
        }
      }
    },
    "go@1.24.1": {
      "last_modified": "2025-03-23T05:31:05Z",
      "resolved": "github:NixOS/nixpkgs/dd613136ee91f67e5dba3f3f41ac99ae89c5406b#go",
      "source": "devbox-search",
      "version": "1.24.1",
      "systems": {
        "aarch64-darwin": {
          "outputs": [
            {
              "name": "out",
              "path": "/nix/store/ja4jxx60lh1qfqfl4z4p2rff56ia1c3c-go-1.24.1",
              "default": true
            }
          ],
          "store_path": "/nix/store/ja4jxx60lh1qfqfl4z4p2rff56ia1c3c-go-1.24.1"
        },
        "aarch64-linux": {
          "outputs": [
            {
              "name": "out",
              "path": "/nix/store/6zvrmsmdg7p8yw3vii20g40b4zsh6kjr-go-1.24.1",
              "default": true
            }
          ],
          "store_path": "/nix/store/6zvrmsmdg7p8yw3vii20g40b4zsh6kjr-go-1.24.1"
        },
        "x86_64-darwin": {
          "outputs": [
            {
              "name": "out",
              "path": "/nix/store/2bcic1xcha2k11djynr488v3pg0nnghr-go-1.24.1",
              "default": true
            }
          ],
          "store_path": "/nix/store/2bcic1xcha2k11djynr488v3pg0nnghr-go-1.24.1"
        },
        "x86_64-linux": {
          "outputs": [
            {
              "name": "out",
              "path": "/nix/store/g29rrn8qqlg4yjqv543ryrkimr7fk43h-go-1.24.1",
              "default": true
            }
          ],
          "store_path": "/nix/store/g29rrn8qqlg4yjqv543ryrkimr7fk43h-go-1.24.1"
        }
      }
    },
    "mkcert@1.4.4": {
      "last_modified": "2025-03-23T05:31:05Z",
      "resolved": "github:NixOS/nixpkgs/dd613136ee91f67e5dba3f3f41ac99ae89c5406b#mkcert",
      "source": "devbox-search",
      "version": "1.4.4",
      "systems": {
        "aarch64-darwin": {
          "outputs": [
            {
              "name": "out",
              "path": "/nix/store/y5f97bwawzdckb04aw6gyzvmmf8bgy4y-mkcert-1.4.4",
              "default": true
            }
          ],
          "store_path": "/nix/store/y5f97bwawzdckb04aw6gyzvmmf8bgy4y-mkcert-1.4.4"
        },
        "aarch64-linux": {
          "outputs": [
            {
              "name": "out",
              "path": "/nix/store/frllg5x98hpbvl126m9q376k06mccljw-mkcert-1.4.4",
              "default": true
            }
          ],
          "store_path": "/nix/store/frllg5x98hpbvl126m9q376k06mccljw-mkcert-1.4.4"
        },
        "x86_64-darwin": {
          "outputs": [
            {
              "name": "out",
              "path": "/nix/store/zrww0048wwp0i1b0zis4bdvwwjpr97m6-mkcert-1.4.4",
              "default": true
            }
          ],
          "store_path": "/nix/store/zrww0048wwp0i1b0zis4bdvwwjpr97m6-mkcert-1.4.4"
        },
        "x86_64-linux": {
          "outputs": [
            {
              "name": "out",
              "path": "/nix/store/zhd7bwxxh3m5slw47y3h2wwd9d9cbkwk-mkcert-1.4.4",
              "default": true
            }
          ],
          "store_path": "/nix/store/zhd7bwxxh3m5slw47y3h2wwd9d9cbkwk-mkcert-1.4.4"
        }
      }
    },
    "sqlc@1.28.0": {
      "last_modified": "2025-04-06T11:26:02Z",
      "resolved": "github:NixOS/nixpkgs/74a40410369a1c35ee09b8a1abee6f4acbedc059#sqlc",
      "source": "devbox-search",
      "version": "1.28.0",
      "systems": {
        "aarch64-darwin": {
          "outputs": [
            {
              "name": "out",
              "path": "/nix/store/advqb8n3qmpvd8px01mvq09hwmjm4p5m-sqlc-1.28.0",
              "default": true
            }
          ],
          "store_path": "/nix/store/advqb8n3qmpvd8px01mvq09hwmjm4p5m-sqlc-1.28.0"
        },
        "aarch64-linux": {
          "outputs": [
            {
              "name": "out",
              "path": "/nix/store/b5kwgzqjkngp7dl86lcfm3rm4zpwzlpp-sqlc-1.28.0",
              "default": true
            }
          ],
          "store_path": "/nix/store/b5kwgzqjkngp7dl86lcfm3rm4zpwzlpp-sqlc-1.28.0"
        },
        "x86_64-darwin": {
          "outputs": [
            {
              "name": "out",
              "path": "/nix/store/mkww7vgw5gzx9p9swcyvfb25gwvldbd2-sqlc-1.28.0",
              "default": true
            }
          ],
          "store_path": "/nix/store/mkww7vgw5gzx9p9swcyvfb25gwvldbd2-sqlc-1.28.0"
        },
        "x86_64-linux": {
          "outputs": [
            {
              "name": "out",
              "path": "/nix/store/h7zc8l6si78kix5ni96d0pn741ywb0qk-sqlc-1.28.0",
              "default": true
            }
          ],
          "store_path": "/nix/store/h7zc8l6si78kix5ni96d0pn741ywb0qk-sqlc-1.28.0"
        }
      }
    }
  }
}
